PODS:
  - Alamofire (3.5.0)
  - Argo (3.1.0)
  - CryptoSwift (0.5.2)
  - Curry (2.3.3)

DEPENDENCIES:
  - Alamofire (= 3.5.0)
  - Argo (= 3.1.0)
  - CryptoSwift (from `https://github.com/krzyzanowskim/CryptoSwift`, branch `swift2`)
  - Curry (= 2.3.3)

EXTERNAL SOURCES:
  CryptoSwift:
    :branch: swift2
    :git: https://github.com/krzyzanowskim/CryptoSwift

CHECKOUT OPTIONS:
  CryptoSwift:
    :commit: 03a745bb6533ed97b055c1a2883be2b542a50252
    :git: https://github.com/krzyzanowskim/CryptoSwift

SPEC CHECKSUMS:
  Alamofire: b70a7352335f8ea5babd0a923eb7e8eacc67b877
  Argo: bb0e94e309d6ceb8fa58910205c8968be101e429
  CryptoSwift: c1ef79f901b86099a6fe8b3c7524cf9f3f3c8c40
  Curry: 37223f4467e4802a08b6a414b526dcd919a4a777

PODFILE CHECKSUM: cc592dd2cadde5845056a2a53ac2429cec9e4b78

COCOAPODS: 1.2.0
