// !$*UTF8*$!
{
	archiveVersion = 1;
	classes = {
	};
	objectVersion = 46;
	objects = {

/* Begin PBXBuildFile section */
		49894A4CE7F6890675B113E5 /* Pods_drone_demo_controller.framework in Frameworks */ = {isa = PBXBuildFile; fileRef = D9931FE55EDA60005C73D1AA /* Pods_drone_demo_controller.framework */; };
		FC31A4F51DA308FA009C36C5 /* AppDelegate.swift in Sources */ = {isa = PBXBuildFile; fileRef = FC31A4F41DA308FA009C36C5 /* AppDelegate.swift */; };
		FC31A4F71DA308FA009C36C5 /* ViewController.swift in Sources */ = {isa = PBXBuildFile; fileRef = FC31A4F61DA308FA009C36C5 /* ViewController.swift */; };
		FC31A4FA1DA308FA009C36C5 /* Main.storyboard in Resources */ = {isa = PBXBuildFile; fileRef = FC31A4F81DA308FA009C36C5 /* Main.storyboard */; };
		FC31A4FC1DA308FA009C36C5 /* Assets.xcassets in Resources */ = {isa = PBXBuildFile; fileRef = FC31A4FB1DA308FA009C36C5 /* Assets.xcassets */; };
		FC31A4FF1DA308FA009C36C5 /* LaunchScreen.storyboard in Resources */ = {isa = PBXBuildFile; fileRef = FC31A4FD1DA308FA009C36C5 /* LaunchScreen.storyboard */; };
		FC4F59CC1DA45E5600455F58 /* ViewController+Appearance.swift in Sources */ = {isa = PBXBuildFile; fileRef = FC4F59CB1DA45E5600455F58 /* ViewController+Appearance.swift */; };
		FC4F59CE1DA45E8C00455F58 /* ViewController+Logging.swift in Sources */ = {isa = PBXBuildFile; fileRef = FC4F59CD1DA45E8C00455F58 /* ViewController+Logging.swift */; };
		FC4F59D01DA45F0700455F58 /* ViewController+BLE.swift in Sources */ = {isa = PBXBuildFile; fileRef = FC4F59CF1DA45F0700455F58 /* ViewController+BLE.swift */; };
		FC4F59D21DA465B200455F58 /* BeaconParser.swift in Sources */ = {isa = PBXBuildFile; fileRef = FC4F59D11DA465B200455F58 /* BeaconParser.swift */; };
		FC4F59D41DA47A0800455F58 /* Network.swift in Sources */ = {isa = PBXBuildFile; fileRef = FC4F59D31DA47A0800455F58 /* Network.swift */; };
		FC4F59D61DA47A6C00455F58 /* Config.swift in Sources */ = {isa = PBXBuildFile; fileRef = FC4F59D51DA47A6C00455F58 /* Config.swift */; };
		FC4F59D81DA571ED00455F58 /* BLETypes.swift in Sources */ = {isa = PBXBuildFile; fileRef = FC4F59D71DA571ED00455F58 /* BLETypes.swift */; };
		FC4F59DA1DA58B4B00455F58 /* StringExtensions.swift in Sources */ = {isa = PBXBuildFile; fileRef = FC4F59D91DA58B4B00455F58 /* StringExtensions.swift */; };
		FC4F59DC1DA59F0F00455F58 /* ViewController+ExternalController.swift in Sources */ = {isa = PBXBuildFile; fileRef = FC4F59DB1DA59F0F00455F58 /* ViewController+ExternalController.swift */; };
		FC5D6A1E1DA6F1C700FCCA0E /* Lights.swift in Sources */ = {isa = PBXBuildFile; fileRef = FC5D6A1D1DA6F1C700FCCA0E /* Lights.swift */; };
		FC5D6A201DA72D3F00FCCA0E /* ViewController+OutOfRange.swift in Sources */ = {isa = PBXBuildFile; fileRef = FC5D6A1F1DA72D3F00FCCA0E /* ViewController+OutOfRange.swift */; };
/* End PBXBuildFile section */

/* Begin PBXFileReference section */
		1BD428FD692E560688A5E429 /* Pods-drone-demo-controller.release.xcconfig */ = {isa = PBXFileReference; includeInIndex = 1; lastKnownFileType = text.xcconfig; name = "Pods-drone-demo-controller.release.xcconfig"; path = "Pods/Target Support Files/Pods-drone-demo-controller/Pods-drone-demo-controller.release.xcconfig"; sourceTree = "<group>"; };
		B3C569FF43060ADA2504090F /* Pods-drone-demo-controller.debug.xcconfig */ = {isa = PBXFileReference; includeInIndex = 1; lastKnownFileType = text.xcconfig; name = "Pods-drone-demo-controller.debug.xcconfig"; path = "Pods/Target Support Files/Pods-drone-demo-controller/Pods-drone-demo-controller.debug.xcconfig"; sourceTree = "<group>"; };
		D9931FE55EDA60005C73D1AA /* Pods_drone_demo_controller.framework */ = {isa = PBXFileReference; explicitFileType = wrapper.framework; includeInIndex = 0; path = Pods_drone_demo_controller.framework; sourceTree = BUILT_PRODUCTS_DIR; };
		FC31A4F11DA308FA009C36C5 /* drone-demo-controller.app */ = {isa = PBXFileReference; explicitFileType = wrapper.application; includeInIndex = 0; path = "drone-demo-controller.app"; sourceTree = BUILT_PRODUCTS_DIR; };
		FC31A4F41DA308FA009C36C5 /* AppDelegate.swift */ = {isa = PBXFileReference; lastKnownFileType = sourcecode.swift; path = AppDelegate.swift; sourceTree = "<group>"; };
		FC31A4F61DA308FA009C36C5 /* ViewController.swift */ = {isa = PBXFileReference; lastKnownFileType = sourcecode.swift; path = ViewController.swift; sourceTree = "<group>"; };
		FC31A4F91DA308FA009C36C5 /* Base */ = {isa = PBXFileReference; lastKnownFileType = file.storyboard; name = Base; path = Base.lproj/Main.storyboard; sourceTree = "<group>"; };
		FC31A4FB1DA308FA009C36C5 /* Assets.xcassets */ = {isa = PBXFileReference; lastKnownFileType = folder.assetcatalog; path = Assets.xcassets; sourceTree = "<group>"; };
		FC31A4FE1DA308FA009C36C5 /* Base */ = {isa = PBXFileReference; lastKnownFileType = file.storyboard; name = Base; path = Base.lproj/LaunchScreen.storyboard; sourceTree = "<group>"; };
		FC31A5001DA308FA009C36C5 /* Info.plist */ = {isa = PBXFileReference; lastKnownFileType = text.plist.xml; path = Info.plist; sourceTree = "<group>"; };
		FC4F59CB1DA45E5600455F58 /* ViewController+Appearance.swift */ = {isa = PBXFileReference; fileEncoding = 4; lastKnownFileType = sourcecode.swift; path = "ViewController+Appearance.swift"; sourceTree = "<group>"; };
		FC4F59CD1DA45E8C00455F58 /* ViewController+Logging.swift */ = {isa = PBXFileReference; fileEncoding = 4; lastKnownFileType = sourcecode.swift; path = "ViewController+Logging.swift"; sourceTree = "<group>"; };
		FC4F59CF1DA45F0700455F58 /* ViewController+BLE.swift */ = {isa = PBXFileReference; fileEncoding = 4; lastKnownFileType = sourcecode.swift; path = "ViewController+BLE.swift"; sourceTree = "<group>"; };
		FC4F59D11DA465B200455F58 /* BeaconParser.swift */ = {isa = PBXFileReference; fileEncoding = 4; lastKnownFileType = sourcecode.swift; path = BeaconParser.swift; sourceTree = "<group>"; };
		FC4F59D31DA47A0800455F58 /* Network.swift */ = {isa = PBXFileReference; fileEncoding = 4; lastKnownFileType = sourcecode.swift; path = Network.swift; sourceTree = "<group>"; };
		FC4F59D51DA47A6C00455F58 /* Config.swift */ = {isa = PBXFileReference; fileEncoding = 4; lastKnownFileType = sourcecode.swift; path = Config.swift; sourceTree = "<group>"; };
		FC4F59D71DA571ED00455F58 /* BLETypes.swift */ = {isa = PBXFileReference; fileEncoding = 4; lastKnownFileType = sourcecode.swift; path = BLETypes.swift; sourceTree = "<group>"; };
		FC4F59D91DA58B4B00455F58 /* StringExtensions.swift */ = {isa = PBXFileReference; fileEncoding = 4; lastKnownFileType = sourcecode.swift; path = StringExtensions.swift; sourceTree = "<group>"; };
		FC4F59DB1DA59F0F00455F58 /* ViewController+ExternalController.swift */ = {isa = PBXFileReference; fileEncoding = 4; lastKnownFileType = sourcecode.swift; path = "ViewController+ExternalController.swift"; sourceTree = "<group>"; };
		FC5D6A1D1DA6F1C700FCCA0E /* Lights.swift */ = {isa = PBXFileReference; fileEncoding = 4; lastKnownFileType = sourcecode.swift; path = Lights.swift; sourceTree = "<group>"; };
		FC5D6A1F1DA72D3F00FCCA0E /* ViewController+OutOfRange.swift */ = {isa = PBXFileReference; fileEncoding = 4; lastKnownFileType = sourcecode.swift; path = "ViewController+OutOfRange.swift"; sourceTree = "<group>"; };
/* End PBXFileReference section */

/* Begin PBXFrameworksBuildPhase section */
		FC31A4EE1DA308FA009C36C5 /* Frameworks */ = {
			isa = PBXFrameworksBuildPhase;
			buildActionMask = 2147483647;
			files = (
				49894A4CE7F6890675B113E5 /* Pods_drone_demo_controller.framework in Frameworks */,
			);
			runOnlyForDeploymentPostprocessing = 0;
		};
/* End PBXFrameworksBuildPhase section */

/* Begin PBXGroup section */
		502DA5CE5E7ED83EAD305FCE /* Frameworks */ = {
			isa = PBXGroup;
			children = (
				D9931FE55EDA60005C73D1AA /* Pods_drone_demo_controller.framework */,
			);
			name = Frameworks;
			sourceTree = "<group>";
		};
		C69F08AC7DBE2ED36AFEFAE2 /* Pods */ = {
			isa = PBXGroup;
			children = (
				B3C569FF43060ADA2504090F /* Pods-drone-demo-controller.debug.xcconfig */,
				1BD428FD692E560688A5E429 /* Pods-drone-demo-controller.release.xcconfig */,
			);
			name = Pods;
			sourceTree = "<group>";
		};
		FC31A4E81DA308FA009C36C5 = {
			isa = PBXGroup;
			children = (
				FC31A4F31DA308FA009C36C5 /* drone-demo-controller */,
				FC31A4F21DA308FA009C36C5 /* Products */,
				C69F08AC7DBE2ED36AFEFAE2 /* Pods */,
				502DA5CE5E7ED83EAD305FCE /* Frameworks */,
			);
			sourceTree = "<group>";
		};
		FC31A4F21DA308FA009C36C5 /* Products */ = {
			isa = PBXGroup;
			children = (
				FC31A4F11DA308FA009C36C5 /* drone-demo-controller.app */,
			);
			name = Products;
			sourceTree = "<group>";
		};
		FC31A4F31DA308FA009C36C5 /* drone-demo-controller */ = {
			isa = PBXGroup;
			children = (
				FC31A4F41DA308FA009C36C5 /* AppDelegate.swift */,
				FC4F59D71DA571ED00455F58 /* BLETypes.swift */,
				FC4F59D11DA465B200455F58 /* BeaconParser.swift */,
				FC4F59D51DA47A6C00455F58 /* Config.swift */,
				FC5D6A1D1DA6F1C700FCCA0E /* Lights.swift */,
				FC4F59D31DA47A0800455F58 /* Network.swift */,
				FC4F59D91DA58B4B00455F58 /* StringExtensions.swift */,
				FC31A4F61DA308FA009C36C5 /* ViewController.swift */,
				FC4F59CB1DA45E5600455F58 /* ViewController+Appearance.swift */,
				FC4F59CF1DA45F0700455F58 /* ViewController+BLE.swift */,
				FC4F59DB1DA59F0F00455F58 /* ViewController+ExternalController.swift */,
				FC4F59CD1DA45E8C00455F58 /* ViewController+Logging.swift */,
				FC5D6A1F1DA72D3F00FCCA0E /* ViewController+OutOfRange.swift */,
				FC31A4F81DA308FA009C36C5 /* Main.storyboard */,
				FC31A4FB1DA308FA009C36C5 /* Assets.xcassets */,
				FC31A4FD1DA308FA009C36C5 /* LaunchScreen.storyboard */,
				FC31A5001DA308FA009C36C5 /* Info.plist */,
			);
			path = "drone-demo-controller";
			sourceTree = "<group>";
		};
/* End PBXGroup section */

/* Begin PBXNativeTarget section */
		FC31A4F01DA308FA009C36C5 /* drone-demo-controller */ = {
			isa = PBXNativeTarget;
			buildConfigurationList = FC31A5031DA308FA009C36C5 /* Build configuration list for PBXNativeTarget "drone-demo-controller" */;
			buildPhases = (
				385FF2A446C0D7BB83D6A2A7 /* [CP] Check Pods Manifest.lock */,
				FC31A4ED1DA308FA009C36C5 /* Sources */,
				FC31A4EE1DA308FA009C36C5 /* Frameworks */,
				FC31A4EF1DA308FA009C36C5 /* Resources */,
				9F093AE6008F66799FCF1531 /* [CP] Embed Pods Frameworks */,
				E0B52D303C0D5F4BDA5FDB49 /* [CP] Copy Pods Resources */,
			);
			buildRules = (
			);
			dependencies = (
			);
			name = "drone-demo-controller";
			productName = "drone-demo-controller";
			productReference = FC31A4F11DA308FA009C36C5 /* drone-demo-controller.app */;
			productType = "com.apple.product-type.application";
		};
/* End PBXNativeTarget section */

/* Begin PBXProject section */
		FC31A4E91DA308FA009C36C5 /* Project object */ = {
			isa = PBXProject;
			attributes = {
				LastSwiftUpdateCheck = 0730;
				LastUpgradeCheck = 0810;
				ORGANIZATIONNAME = Chronicled;
				TargetAttributes = {
					FC31A4F01DA308FA009C36C5 = {
						CreatedOnToolsVersion = 7.3.1;
						DevelopmentTeam = 29MPLV3FU2;
						LastSwiftMigration = 0810;
					};
				};
			};
			buildConfigurationList = FC31A4EC1DA308FA009C36C5 /* Build configuration list for PBXProject "drone-demo-controller" */;
			compatibilityVersion = "Xcode 3.2";
			developmentRegion = English;
			hasScannedForEncodings = 0;
			knownRegions = (
				en,
				Base,
			);
			mainGroup = FC31A4E81DA308FA009C36C5;
			productRefGroup = FC31A4F21DA308FA009C36C5 /* Products */;
			projectDirPath = "";
			projectRoot = "";
			targets = (
				FC31A4F01DA308FA009C36C5 /* drone-demo-controller */,
			);
		};
/* End PBXProject section */

/* Begin PBXResourcesBuildPhase section */
		FC31A4EF1DA308FA009C36C5 /* Resources */ = {
			isa = PBXResourcesBuildPhase;
			buildActionMask = 2147483647;
			files = (
				FC31A4FF1DA308FA009C36C5 /* LaunchScreen.storyboard in Resources */,
				FC31A4FC1DA308FA009C36C5 /* Assets.xcassets in Resources */,
				FC31A4FA1DA308FA009C36C5 /* Main.storyboard in Resources */,
			);
			runOnlyForDeploymentPostprocessing = 0;
		};
/* End PBXResourcesBuildPhase section */

/* Begin PBXShellScriptBuildPhase section */
		385FF2A446C0D7BB83D6A2A7 /* [CP] Check Pods Manifest.lock */ = {
			isa = PBXShellScriptBuildPhase;
			buildActionMask = 2147483647;
			files = (
			);
			inputPaths = (
			);
			name = "[CP] Check Pods Manifest.lock";
			outputPaths = (
			);
			runOnlyForDeploymentPostprocessing = 0;
			shellPath = /bin/sh;
			shellScript = "diff \"${PODS_ROOT}/../Podfile.lock\" \"${PODS_ROOT}/Manifest.lock\" > /dev/null\nif [ $? != 0 ] ; then\n    # print error to STDERR\n    echo \"error: The sandbox is not in sync with the Podfile.lock. Run 'pod install' or update your CocoaPods installation.\" >&2\n    exit 1\nfi\n";
			showEnvVarsInLog = 0;
		};
		9F093AE6008F66799FCF1531 /* [CP] Embed Pods Frameworks */ = {
			isa = PBXShellScriptBuildPhase;
			buildActionMask = 2147483647;
			files = (
			);
			inputPaths = (
			);
			name = "[CP] Embed Pods Frameworks";
			outputPaths = (
			);
			runOnlyForDeploymentPostprocessing = 0;
			shellPath = /bin/sh;
			shellScript = "\"${SRCROOT}/Pods/Target Support Files/Pods-drone-demo-controller/Pods-drone-demo-controller-frameworks.sh\"\n";
			showEnvVarsInLog = 0;
		};
		E0B52D303C0D5F4BDA5FDB49 /* [CP] Copy Pods Resources */ = {
			isa = PBXShellScriptBuildPhase;
			buildActionMask = 2147483647;
			files = (
			);
			inputPaths = (
			);
			name = "[CP] Copy Pods Resources";
			outputPaths = (
			);
			runOnlyForDeploymentPostprocessing = 0;
			shellPath = /bin/sh;
			shellScript = "\"${SRCROOT}/Pods/Target Support Files/Pods-drone-demo-controller/Pods-drone-demo-controller-resources.sh\"\n";
			showEnvVarsInLog = 0;
		};
/* End PBXShellScriptBuildPhase section */

/* Begin PBXSourcesBuildPhase section */
		FC31A4ED1DA308FA009C36C5 /* Sources */ = {
			isa = PBXSourcesBuildPhase;
			buildActionMask = 2147483647;
			files = (
				FC4F59CE1DA45E8C00455F58 /* ViewController+Logging.swift in Sources */,
				FC4F59CC1DA45E5600455F58 /* ViewController+Appearance.swift in Sources */,
				FC4F59D21DA465B200455F58 /* BeaconParser.swift in Sources */,
				FC4F59D81DA571ED00455F58 /* BLETypes.swift in Sources */,
				FC4F59D01DA45F0700455F58 /* ViewController+BLE.swift in Sources */,
				FC31A4F71DA308FA009C36C5 /* ViewController.swift in Sources */,
				FC5D6A1E1DA6F1C700FCCA0E /* Lights.swift in Sources */,
				FC4F59D61DA47A6C00455F58 /* Config.swift in Sources */,
				FC4F59D41DA47A0800455F58 /* Network.swift in Sources */,
				FC4F59DA1DA58B4B00455F58 /* StringExtensions.swift in Sources */,
				FC4F59DC1DA59F0F00455F58 /* ViewController+ExternalController.swift in Sources */,
				FC31A4F51DA308FA009C36C5 /* AppDelegate.swift in Sources */,
				FC5D6A201DA72D3F00FCCA0E /* ViewController+OutOfRange.swift in Sources */,
			);
			runOnlyForDeploymentPostprocessing = 0;
		};
/* End PBXSourcesBuildPhase section */

/* Begin PBXVariantGroup section */
		FC31A4F81DA308FA009C36C5 /* Main.storyboard */ = {
			isa = PBXVariantGroup;
			children = (
				FC31A4F91DA308FA009C36C5 /* Base */,
			);
			name = Main.storyboard;
			sourceTree = "<group>";
		};
		FC31A4FD1DA308FA009C36C5 /* LaunchScreen.storyboard */ = {
			isa = PBXVariantGroup;
			children = (
				FC31A4FE1DA308FA009C36C5 /* Base */,
			);
			name = LaunchScreen.storyboard;
			sourceTree = "<group>";
		};
/* End PBXVariantGroup section */

/* Begin XCBuildConfiguration section */
		FC31A5011DA308FA009C36C5 /* Debug */ = {
			isa = XCBuildConfiguration;
			buildSettings = {
				ALWAYS_SEARCH_USER_PATHS = NO;
				CLANG_ANALYZER_NONNULL = YES;
				CLANG_CXX_LANGUAGE_STANDARD = "gnu++0x";
				CLANG_CXX_LIBRARY = "libc++";
				CLANG_ENABLE_MODULES = YES;
				CLANG_ENABLE_OBJC_ARC = YES;
				CLANG_WARN_BOOL_CONVERSION = YES;
				CLANG_WARN_CONSTANT_CONVERSION = YES;
				CLANG_WARN_DIRECT_OBJC_ISA_USAGE = YES_ERROR;
				CLANG_WARN_EMPTY_BODY = YES;
				CLANG_WARN_ENUM_CONVERSION = YES;
				CLANG_WARN_INFINITE_RECURSION = YES;
				CLANG_WARN_INT_CONVERSION = YES;
				CLANG_WARN_OBJC_ROOT_CLASS = YES_ERROR;
				CLANG_WARN_SUSPICIOUS_MOVE = YES;
				CLANG_WARN_UNREACHABLE_CODE = YES;
				CLANG_WARN__DUPLICATE_METHOD_MATCH = YES;
				"CODE_SIGN_IDENTITY[sdk=iphoneos*]" = "iPhone Developer";
				COPY_PHASE_STRIP = NO;
				DEBUG_INFORMATION_FORMAT = dwarf;
				DEVELOPMENT_TEAM = 29MPLV3FU2;
				ENABLE_STRICT_OBJC_MSGSEND = YES;
				ENABLE_TESTABILITY = YES;
				GCC_C_LANGUAGE_STANDARD = gnu99;
				GCC_DYNAMIC_NO_PIC = NO;
				GCC_NO_COMMON_BLOCKS = YES;
				GCC_OPTIMIZATION_LEVEL = 0;
				GCC_PREPROCESSOR_DEFINITIONS = (
					"DEBUG=1",
					"$(inherited)",
				);
				GCC_WARN_64_TO_32_BIT_CONVERSION = YES;
				GCC_WARN_ABOUT_RETURN_TYPE = YES_ERROR;
				GCC_WARN_UNDECLARED_SELECTOR = YES;
				GCC_WARN_UNINITIALIZED_AUTOS = YES_AGGRESSIVE;
				GCC_WARN_UNUSED_FUNCTION = YES;
				GCC_WARN_UNUSED_VARIABLE = YES;
				IPHONEOS_DEPLOYMENT_TARGET = 9.3;
				MTL_ENABLE_DEBUG_INFO = YES;
				ONLY_ACTIVE_ARCH = YES;
				SDKROOT = iphoneos;
				SWIFT_OPTIMIZATION_LEVEL = "-Onone";
			};
			name = Debug;
		};
		FC31A5021DA308FA009C36C5 /* Release */ = {
			isa = XCBuildConfiguration;
			buildSettings = {
				ALWAYS_SEARCH_USER_PATHS = NO;
				CLANG_ANALYZER_NONNULL = YES;
				CLANG_CXX_LANGUAGE_STANDARD = "gnu++0x";
				CLANG_CXX_LIBRARY = "libc++";
				CLANG_ENABLE_MODULES = YES;
				CLANG_ENABLE_OBJC_ARC = YES;
				CLANG_WARN_BOOL_CONVERSION = YES;
				CLANG_WARN_CONSTANT_CONVERSION = YES;
				CLANG_WARN_DIRECT_OBJC_ISA_USAGE = YES_ERROR;
				CLANG_WARN_EMPTY_BODY = YES;
				CLANG_WARN_ENUM_CONVERSION = YES;
				CLANG_WARN_INFINITE_RECURSION = YES;
				CLANG_WARN_INT_CONVERSION = YES;
				CLANG_WARN_OBJC_ROOT_CLASS = YES_ERROR;
				CLANG_WARN_SUSPICIOUS_MOVE = YES;
				CLANG_WARN_UNREACHABLE_CODE = YES;
				CLANG_WARN__DUPLICATE_METHOD_MATCH = YES;
				"CODE_SIGN_IDENTITY[sdk=iphoneos*]" = "iPhone Developer";
				COPY_PHASE_STRIP = NO;
				DEBUG_INFORMATION_FORMAT = "dwarf-with-dsym";
				DEVELOPMENT_TEAM = 29MPLV3FU2;
				ENABLE_NS_ASSERTIONS = NO;
				ENABLE_STRICT_OBJC_MSGSEND = YES;
				GCC_C_LANGUAGE_STANDARD = gnu99;
				GCC_NO_COMMON_BLOCKS = YES;
				GCC_WARN_64_TO_32_BIT_CONVERSION = YES;
				GCC_WARN_ABOUT_RETURN_TYPE = YES_ERROR;
				GCC_WARN_UNDECLARED_SELECTOR = YES;
				GCC_WARN_UNINITIALIZED_AUTOS = YES_AGGRESSIVE;
				GCC_WARN_UNUSED_FUNCTION = YES;
				GCC_WARN_UNUSED_VARIABLE = YES;
				IPHONEOS_DEPLOYMENT_TARGET = 9.3;
				MTL_ENABLE_DEBUG_INFO = NO;
				SDKROOT = iphoneos;
				SWIFT_OPTIMIZATION_LEVEL = "-Owholemodule";
				VALIDATE_PRODUCT = YES;
			};
			name = Release;
		};
		FC31A5041DA308FA009C36C5 /* Debug */ = {
			isa = XCBuildConfiguration;
			baseConfigurationReference = B3C569FF43060ADA2504090F /* Pods-drone-demo-controller.debug.xcconfig */;
			buildSettings = {
				ASSETCATALOG_COMPILER_APPICON_NAME = AppIcon;
				INFOPLIST_FILE = "drone-demo-controller/Info.plist";
				IPHONEOS_DEPLOYMENT_TARGET = 9.0;
				LD_RUNPATH_SEARCH_PATHS = "$(inherited) @executable_path/Frameworks";
				PRODUCT_BUNDLE_IDENTIFIER = "Chronicled.drone-demo-controller";
				PRODUCT_NAME = "$(TARGET_NAME)";
				SWIFT_VERSION = 2.3;
			};
			name = Debug;
		};
		FC31A5051DA308FA009C36C5 /* Release */ = {
			isa = XCBuildConfiguration;
			baseConfigurationReference = 1BD428FD692E560688A5E429 /* Pods-drone-demo-controller.release.xcconfig */;
			buildSettings = {
				ASSETCATALOG_COMPILER_APPICON_NAME = AppIcon;
				INFOPLIST_FILE = "drone-demo-controller/Info.plist";
				IPHONEOS_DEPLOYMENT_TARGET = 9.0;
				LD_RUNPATH_SEARCH_PATHS = "$(inherited) @executable_path/Frameworks";
				PRODUCT_BUNDLE_IDENTIFIER = "Chronicled.drone-demo-controller";
				PRODUCT_NAME = "$(TARGET_NAME)";
				SWIFT_VERSION = 2.3;
			};
			name = Release;
		};
/* End XCBuildConfiguration section */

/* Begin XCConfigurationList section */
		FC31A4EC1DA308FA009C36C5 /* Build configuration list for PBXProject "drone-demo-controller" */ = {
			isa = XCConfigurationList;
			buildConfigurations = (
				FC31A5011DA308FA009C36C5 /* Debug */,
				FC31A5021DA308FA009C36C5 /* Release */,
			);
			defaultConfigurationIsVisible = 0;
			defaultConfigurationName = Release;
		};
		FC31A5031DA308FA009C36C5 /* Build configuration list for PBXNativeTarget "drone-demo-controller" */ = {
			isa = XCConfigurationList;
			buildConfigurations = (
				FC31A5041DA308FA009C36C5 /* Debug */,
				FC31A5051DA308FA009C36C5 /* Release */,
			);
			defaultConfigurationIsVisible = 0;
			defaultConfigurationName = Release;
		};
/* End XCConfigurationList section */
	};
	rootObject = FC31A4E91DA308FA009C36C5 /* Project object */;
}
